
Microsoft Visual Studio Solution File, Format Version 12.00
# Visual Studio 14
VisualStudioVersion = 14.0.25420.1
MinimumVisualStudioVersion = 10.0.40219.1
Project("{FAE04EC0-301F-11D3-BF4B-00C04F79EFBC}") = "ContentCollector.Droid", "ContentCollector\ContentCollector.Droid\ContentCollector.Droid.csproj", "{AD0893CC-EF83-4712-9BD9-F9E54E7E0E65}"
EndProject
Project("{FAE04EC0-301F-11D3-BF4B-00C04F79EFBC}") = "ContentCollector.iOS", "ContentCollector\ContentCollector.iOS\ContentCollector.iOS.csproj", "{7D1D4D67-7029-4220-80D8-147B6991CA3C}"
EndProject
Project("{FAE04EC0-301F-11D3-BF4B-00C04F79EFBC}") = "ContentCollector", "ContentCollector\ContentCollector\ContentCollector.csproj", "{17F034EA-5F2F-40D0-874C-249AC09F1BEA}"
EndProject
Project("{FAE04EC0-301F-11D3-BF4B-00C04F79EFBC}") = "ContentCollector.UWP", "ContentCollector\ContentCollector.UWP\ContentCollector.UWP.csproj", "{2E0D8624-7612-48FE-9F4F-FD7AAFEF9D44}"
EndProject
Global
	GlobalSection(SolutionConfigurationPlatforms) = preSolution
		Ad-Hoc|Any CPU = Ad-Hoc|Any CPU
		Ad-Hoc|ARM = Ad-Hoc|ARM
		Ad-Hoc|iPhone = Ad-Hoc|iPhone
		Ad-Hoc|iPhoneSimulator = Ad-Hoc|iPhoneSimulator
		Ad-Hoc|x64 = Ad-Hoc|x64
		Ad-Hoc|x86 = Ad-Hoc|x86
		AppStore|Any CPU = AppStore|Any CPU
		AppStore|ARM = AppStore|ARM
		AppStore|iPhone = AppStore|iPhone
		AppStore|iPhoneSimulator = AppStore|iPhoneSimulator
		AppStore|x64 = AppStore|x64
		AppStore|x86 = AppStore|x86
		Debug|Any CPU = Debug|Any CPU
		Debug|ARM = Debug|ARM
		Debug|iPhone = Debug|iPhone
		Debug|iPhoneSimulator = Debug|iPhoneSimulator
		Debug|x64 = Debug|x64
		Debug|x86 = Debug|x86
		Release|Any CPU = Release|Any CPU
		Release|ARM = Release|ARM
		Release|iPhone = Release|iPhone
		Release|iPhoneSimulator = Release|iPhoneSimulator
		Release|x64 = Release|x64
		Release|x86 = Release|x86
	EndGlobalSection
	GlobalSection(ProjectConfigurationPlatforms) = postSolution
		{AD0893CC-EF83-4712-9BD9-F9E54E7E0E65}.Ad-Hoc|Any CPU.ActiveCfg = Release|Any CPU
		{AD0893CC-EF83-4712-9BD9-F9E54E7E0E65}.Ad-Hoc|Any CPU.Build.0 = Release|Any CPU
		{AD0893CC-EF83-4712-9BD9-F9E54E7E0E65}.Ad-Hoc|Any CPU.Deploy.0 = Release|Any CPU
		{AD0893CC-EF83-4712-9BD9-F9E54E7E0E65}.Ad-Hoc|ARM.ActiveCfg = Release|Any CPU
		{AD0893CC-EF83-4712-9BD9-F9E54E7E0E65}.Ad-Hoc|ARM.Build.0 = Release|Any CPU
		{AD0893CC-EF83-4712-9BD9-F9E54E7E0E65}.Ad-Hoc|ARM.Deploy.0 = Release|Any CPU
		{AD0893CC-EF83-4712-9BD9-F9E54E7E0E65}.Ad-Hoc|iPhone.ActiveCfg = Release|Any CPU
		{AD0893CC-EF83-4712-9BD9-F9E54E7E0E65}.Ad-Hoc|iPhone.Build.0 = Release|Any CPU
		{AD0893CC-EF83-4712-9BD9-F9E54E7E0E65}.Ad-Hoc|iPhone.Deploy.0 = Release|Any CPU
		{AD0893CC-EF83-4712-9BD9-F9E54E7E0E65}.Ad-Hoc|iPhoneSimulator.ActiveCfg = Release|Any CPU
		{AD0893CC-EF83-4712-9BD9-F9E54E7E0E65}.Ad-Hoc|iPhoneSimulator.Build.0 = Release|Any CPU
		{AD0893CC-EF83-4712-9BD9-F9E54E7E0E65}.Ad-Hoc|iPhoneSimulator.Deploy.0 = Release|Any CPU
		{AD0893CC-EF83-4712-9BD9-F9E54E7E0E65}.Ad-Hoc|x64.ActiveCfg = Release|Any CPU
		{AD0893CC-EF83-4712-9BD9-F9E54E7E0E65}.Ad-Hoc|x64.Build.0 = Release|Any CPU
		{AD0893CC-EF83-4712-9BD9-F9E54E7E0E65}.Ad-Hoc|x64.Deploy.0 = Release|Any CPU
		{AD0893CC-EF83-4712-9BD9-F9E54E7E0E65}.Ad-Hoc|x86.ActiveCfg = Release|Any CPU
		{AD0893CC-EF83-4712-9BD9-F9E54E7E0E65}.Ad-Hoc|x86.Build.0 = Release|Any CPU
		{AD0893CC-EF83-4712-9BD9-F9E54E7E0E65}.Ad-Hoc|x86.Deploy.0 = Release|Any CPU
		{AD0893CC-EF83-4712-9BD9-F9E54E7E0E65}.AppStore|Any CPU.ActiveCfg = Release|Any CPU
		{AD0893CC-EF83-4712-9BD9-F9E54E7E0E65}.AppStore|Any CPU.Build.0 = Release|Any CPU
		{AD0893CC-EF83-4712-9BD9-F9E54E7E0E65}.AppStore|Any CPU.Deploy.0 = Release|Any CPU
		{AD0893CC-EF83-4712-9BD9-F9E54E7E0E65}.AppStore|ARM.ActiveCfg = Release|Any CPU
		{AD0893CC-EF83-4712-9BD9-F9E54E7E0E65}.AppStore|ARM.Build.0 = Release|Any CPU
		{AD0893CC-EF83-4712-9BD9-F9E54E7E0E65}.AppStore|ARM.Deploy.0 = Release|Any CPU
		{AD0893CC-EF83-4712-9BD9-F9E54E7E0E65}.AppStore|iPhone.ActiveCfg = Release|Any CPU
		{AD0893CC-EF83-4712-9BD9-F9E54E7E0E65}.AppStore|iPhone.Build.0 = Release|Any CPU
		{AD0893CC-EF83-4712-9BD9-F9E54E7E0E65}.AppStore|iPhone.Deploy.0 = Release|Any CPU
		{AD0893CC-EF83-4712-9BD9-F9E54E7E0E65}.AppStore|iPhoneSimulator.ActiveCfg = Release|Any CPU
		{AD0893CC-EF83-4712-9BD9-F9E54E7E0E65}.AppStore|iPhoneSimulator.Build.0 = Release|Any CPU
		{AD0893CC-EF83-4712-9BD9-F9E54E7E0E65}.AppStore|iPhoneSimulator.Deploy.0 = Release|Any CPU
		{AD0893CC-EF83-4712-9BD9-F9E54E7E0E65}.AppStore|x64.ActiveCfg = Release|Any CPU
		{AD0893CC-EF83-4712-9BD9-F9E54E7E0E65}.AppStore|x64.Build.0 = Release|Any CPU
		{AD0893CC-EF83-4712-9BD9-F9E54E7E0E65}.AppStore|x64.Deploy.0 = Release|Any CPU
		{AD0893CC-EF83-4712-9BD9-F9E54E7E0E65}.AppStore|x86.ActiveCfg = Release|Any CPU
		{AD0893CC-EF83-4712-9BD9-F9E54E7E0E65}.AppStore|x86.Build.0 = Release|Any CPU
		{AD0893CC-EF83-4712-9BD9-F9E54E7E0E65}.AppStore|x86.Deploy.0 = Release|Any CPU
		{AD0893CC-EF83-4712-9BD9-F9E54E7E0E65}.Debug|Any CPU.ActiveCfg = Debug|Any CPU
		{AD0893CC-EF83-4712-9BD9-F9E54E7E0E65}.Debug|Any CPU.Build.0 = Debug|Any CPU
		{AD0893CC-EF83-4712-9BD9-F9E54E7E0E65}.Debug|Any CPU.Deploy.0 = Debug|Any CPU
		{AD0893CC-EF83-4712-9BD9-F9E54E7E0E65}.Debug|ARM.ActiveCfg = Debug|Any CPU
		{AD0893CC-EF83-4712-9BD9-F9E54E7E0E65}.Debug|ARM.Build.0 = Debug|Any CPU
		{AD0893CC-EF83-4712-9BD9-F9E54E7E0E65}.Debug|ARM.Deploy.0 = Debug|Any CPU
		{AD0893CC-EF83-4712-9BD9-F9E54E7E0E65}.Debug|iPhone.ActiveCfg = Debug|Any CPU
		{AD0893CC-EF83-4712-9BD9-F9E54E7E0E65}.Debug|iPhone.Build.0 = Debug|Any CPU
		{AD0893CC-EF83-4712-9BD9-F9E54E7E0E65}.Debug|iPhone.Deploy.0 = Debug|Any CPU
		{AD0893CC-EF83-4712-9BD9-F9E54E7E0E65}.Debug|iPhoneSimulator.ActiveCfg = Debug|Any CPU
		{AD0893CC-EF83-4712-9BD9-F9E54E7E0E65}.Debug|iPhoneSimulator.Build.0 = Debug|Any CPU
		{AD0893CC-EF83-4712-9BD9-F9E54E7E0E65}.Debug|iPhoneSimulator.Deploy.0 = Debug|Any CPU
		{AD0893CC-EF83-4712-9BD9-F9E54E7E0E65}.Debug|x64.ActiveCfg = Debug|Any CPU
		{AD0893CC-EF83-4712-9BD9-F9E54E7E0E65}.Debug|x64.Build.0 = Debug|Any CPU
		{AD0893CC-EF83-4712-9BD9-F9E54E7E0E65}.Debug|x64.Deploy.0 = Debug|Any CPU
		{AD0893CC-EF83-4712-9BD9-F9E54E7E0E65}.Debug|x86.ActiveCfg = Debug|Any CPU
		{AD0893CC-EF83-4712-9BD9-F9E54E7E0E65}.Debug|x86.Build.0 = Debug|Any CPU
		{AD0893CC-EF83-4712-9BD9-F9E54E7E0E65}.Debug|x86.Deploy.0 = Debug|Any CPU
		{AD0893CC-EF83-4712-9BD9-F9E54E7E0E65}.Release|Any CPU.ActiveCfg = Release|Any CPU
		{AD0893CC-EF83-4712-9BD9-F9E54E7E0E65}.Release|Any CPU.Build.0 = Release|Any CPU
		{AD0893CC-EF83-4712-9BD9-F9E54E7E0E65}.Release|Any CPU.Deploy.0 = Release|Any CPU
		{AD0893CC-EF83-4712-9BD9-F9E54E7E0E65}.Release|ARM.ActiveCfg = Release|Any CPU
		{AD0893CC-EF83-4712-9BD9-F9E54E7E0E65}.Release|ARM.Build.0 = Release|Any CPU
		{AD0893CC-EF83-4712-9BD9-F9E54E7E0E65}.Release|ARM.Deploy.0 = Release|Any CPU
		{AD0893CC-EF83-4712-9BD9-F9E54E7E0E65}.Release|iPhone.ActiveCfg = Release|Any CPU
		{AD0893CC-EF83-4712-9BD9-F9E54E7E0E65}.Release|iPhone.Build.0 = Release|Any CPU
		{AD0893CC-EF83-4712-9BD9-F9E54E7E0E65}.Release|iPhone.Deploy.0 = Release|Any CPU
		{AD0893CC-EF83-4712-9BD9-F9E54E7E0E65}.Release|iPhoneSimulator.ActiveCfg = Release|Any CPU
		{AD0893CC-EF83-4712-9BD9-F9E54E7E0E65}.Release|iPhoneSimulator.Build.0 = Release|Any CPU
		{AD0893CC-EF83-4712-9BD9-F9E54E7E0E65}.Release|iPhoneSimulator.Deploy.0 = Release|Any CPU
		{AD0893CC-EF83-4712-9BD9-F9E54E7E0E65}.Release|x64.ActiveCfg = Release|Any CPU
		{AD0893CC-EF83-4712-9BD9-F9E54E7E0E65}.Release|x64.Build.0 = Release|Any CPU
		{AD0893CC-EF83-4712-9BD9-F9E54E7E0E65}.Release|x64.Deploy.0 = Release|Any CPU
		{AD0893CC-EF83-4712-9BD9-F9E54E7E0E65}.Release|x86.ActiveCfg = Release|Any CPU
		{AD0893CC-EF83-4712-9BD9-F9E54E7E0E65}.Release|x86.Build.0 = Release|Any CPU
		{AD0893CC-EF83-4712-9BD9-F9E54E7E0E65}.Release|x86.Deploy.0 = Release|Any CPU
		{7D1D4D67-7029-4220-80D8-147B6991CA3C}.Ad-Hoc|Any CPU.ActiveCfg = Ad-Hoc|iPhone
		{7D1D4D67-7029-4220-80D8-147B6991CA3C}.Ad-Hoc|ARM.ActiveCfg = Ad-Hoc|iPhone
		{7D1D4D67-7029-4220-80D8-147B6991CA3C}.Ad-Hoc|iPhone.ActiveCfg = Ad-Hoc|iPhone
		{7D1D4D67-7029-4220-80D8-147B6991CA3C}.Ad-Hoc|iPhone.Build.0 = Ad-Hoc|iPhone
		{7D1D4D67-7029-4220-80D8-147B6991CA3C}.Ad-Hoc|iPhoneSimulator.ActiveCfg = Ad-Hoc|iPhoneSimulator
		{7D1D4D67-7029-4220-80D8-147B6991CA3C}.Ad-Hoc|iPhoneSimulator.Build.0 = Ad-Hoc|iPhoneSimulator
		{7D1D4D67-7029-4220-80D8-147B6991CA3C}.Ad-Hoc|x64.ActiveCfg = Ad-Hoc|iPhone
		{7D1D4D67-7029-4220-80D8-147B6991CA3C}.Ad-Hoc|x86.ActiveCfg = Ad-Hoc|iPhone
		{7D1D4D67-7029-4220-80D8-147B6991CA3C}.AppStore|Any CPU.ActiveCfg = AppStore|iPhone
		{7D1D4D67-7029-4220-80D8-147B6991CA3C}.AppStore|ARM.ActiveCfg = AppStore|iPhone
		{7D1D4D67-7029-4220-80D8-147B6991CA3C}.AppStore|iPhone.ActiveCfg = AppStore|iPhone
		{7D1D4D67-7029-4220-80D8-147B6991CA3C}.AppStore|iPhone.Build.0 = AppStore|iPhone
		{7D1D4D67-7029-4220-80D8-147B6991CA3C}.AppStore|iPhoneSimulator.ActiveCfg = AppStore|iPhoneSimulator
		{7D1D4D67-7029-4220-80D8-147B6991CA3C}.AppStore|iPhoneSimulator.Build.0 = AppStore|iPhoneSimulator
		{7D1D4D67-7029-4220-80D8-147B6991CA3C}.AppStore|x64.ActiveCfg = AppStore|iPhone
		{7D1D4D67-7029-4220-80D8-147B6991CA3C}.AppStore|x86.ActiveCfg = AppStore|iPhone
		{7D1D4D67-7029-4220-80D8-147B6991CA3C}.Debug|Any CPU.ActiveCfg = Debug|iPhone
		{7D1D4D67-7029-4220-80D8-147B6991CA3C}.Debug|Any CPU.Build.0 = Debug|iPhone
		{7D1D4D67-7029-4220-80D8-147B6991CA3C}.Debug|ARM.ActiveCfg = Debug|iPhone
		{7D1D4D67-7029-4220-80D8-147B6991CA3C}.Debug|iPhone.ActiveCfg = Debug|iPhone
		{7D1D4D67-7029-4220-80D8-147B6991CA3C}.Debug|iPhone.Build.0 = Debug|iPhone
		{7D1D4D67-7029-4220-80D8-147B6991CA3C}.Debug|iPhoneSimulator.ActiveCfg = Debug|iPhoneSimulator
		{7D1D4D67-7029-4220-80D8-147B6991CA3C}.Debug|iPhoneSimulator.Build.0 = Debug|iPhoneSimulator
		{7D1D4D67-7029-4220-80D8-147B6991CA3C}.Debug|x64.ActiveCfg = Debug|iPhone
		{7D1D4D67-7029-4220-80D8-147B6991CA3C}.Debug|x86.ActiveCfg = Debug|iPhone
		{7D1D4D67-7029-4220-80D8-147B6991CA3C}.Release|Any CPU.ActiveCfg = Release|iPhone
		{7D1D4D67-7029-4220-80D8-147B6991CA3C}.Release|ARM.ActiveCfg = Release|iPhone
		{7D1D4D67-7029-4220-80D8-147B6991CA3C}.Release|iPhone.ActiveCfg = Release|iPhone
		{7D1D4D67-7029-4220-80D8-147B6991CA3C}.Release|iPhone.Build.0 = Release|iPhone
		{7D1D4D67-7029-4220-80D8-147B6991CA3C}.Release|iPhoneSimulator.ActiveCfg = Release|iPhoneSimulator
		{7D1D4D67-7029-4220-80D8-147B6991CA3C}.Release|iPhoneSimulator.Build.0 = Release|iPhoneSimulator
		{7D1D4D67-7029-4220-80D8-147B6991CA3C}.Release|x64.ActiveCfg = Release|iPhone
		{7D1D4D67-7029-4220-80D8-147B6991CA3C}.Release|x86.ActiveCfg = Release|iPhone
		{17F034EA-5F2F-40D0-874C-249AC09F1BEA}.Ad-Hoc|Any CPU.ActiveCfg = Release|Any CPU
		{17F034EA-5F2F-40D0-874C-249AC09F1BEA}.Ad-Hoc|Any CPU.Build.0 = Release|Any CPU
		{17F034EA-5F2F-40D0-874C-249AC09F1BEA}.Ad-Hoc|ARM.ActiveCfg = Release|Any CPU
		{17F034EA-5F2F-40D0-874C-249AC09F1BEA}.Ad-Hoc|ARM.Build.0 = Release|Any CPU
		{17F034EA-5F2F-40D0-874C-249AC09F1BEA}.Ad-Hoc|iPhone.ActiveCfg = Release|Any CPU
		{17F034EA-5F2F-40D0-874C-249AC09F1BEA}.Ad-Hoc|iPhone.Build.0 = Release|Any CPU
		{17F034EA-5F2F-40D0-874C-249AC09F1BEA}.Ad-Hoc|iPhoneSimulator.ActiveCfg = Release|Any CPU
		{17F034EA-5F2F-40D0-874C-249AC09F1BEA}.Ad-Hoc|iPhoneSimulator.Build.0 = Release|Any CPU
		{17F034EA-5F2F-40D0-874C-249AC09F1BEA}.Ad-Hoc|x64.ActiveCfg = Release|Any CPU
		{17F034EA-5F2F-40D0-874C-249AC09F1BEA}.Ad-Hoc|x64.Build.0 = Release|Any CPU
		{17F034EA-5F2F-40D0-874C-249AC09F1BEA}.Ad-Hoc|x86.ActiveCfg = Release|Any CPU
		{17F034EA-5F2F-40D0-874C-249AC09F1BEA}.Ad-Hoc|x86.Build.0 = Release|Any CPU
		{17F034EA-5F2F-40D0-874C-249AC09F1BEA}.AppStore|Any CPU.ActiveCfg = Release|Any CPU
		{17F034EA-5F2F-40D0-874C-249AC09F1BEA}.AppStore|Any CPU.Build.0 = Release|Any CPU
		{17F034EA-5F2F-40D0-874C-249AC09F1BEA}.AppStore|ARM.ActiveCfg = Release|Any CPU
		{17F034EA-5F2F-40D0-874C-249AC09F1BEA}.AppStore|ARM.Build.0 = Release|Any CPU
		{17F034EA-5F2F-40D0-874C-249AC09F1BEA}.AppStore|iPhone.ActiveCfg = Release|Any CPU
		{17F034EA-5F2F-40D0-874C-249AC09F1BEA}.AppStore|iPhone.Build.0 = Release|Any CPU
		{17F034EA-5F2F-40D0-874C-249AC09F1BEA}.AppStore|iPhoneSimulator.ActiveCfg = Release|Any CPU
		{17F034EA-5F2F-40D0-874C-249AC09F1BEA}.AppStore|iPhoneSimulator.Build.0 = Release|Any CPU
		{17F034EA-5F2F-40D0-874C-249AC09F1BEA}.AppStore|x64.ActiveCfg = Release|Any CPU
		{17F034EA-5F2F-40D0-874C-249AC09F1BEA}.AppStore|x64.Build.0 = Release|Any CPU
		{17F034EA-5F2F-40D0-874C-249AC09F1BEA}.AppStore|x86.ActiveCfg = Release|Any CPU
		{17F034EA-5F2F-40D0-874C-249AC09F1BEA}.AppStore|x86.Build.0 = Release|Any CPU
		{17F034EA-5F2F-40D0-874C-249AC09F1BEA}.Debug|Any CPU.ActiveCfg = Debug|Any CPU
		{17F034EA-5F2F-40D0-874C-249AC09F1BEA}.Debug|Any CPU.Build.0 = Debug|Any CPU
		{17F034EA-5F2F-40D0-874C-249AC09F1BEA}.Debug|ARM.ActiveCfg = Debug|Any CPU
		{17F034EA-5F2F-40D0-874C-249AC09F1BEA}.Debug|ARM.Build.0 = Debug|Any CPU
		{17F034EA-5F2F-40D0-874C-249AC09F1BEA}.Debug|iPhone.ActiveCfg = Debug|Any CPU
		{17F034EA-5F2F-40D0-874C-249AC09F1BEA}.Debug|iPhone.Build.0 = Debug|Any CPU
		{17F034EA-5F2F-40D0-874C-249AC09F1BEA}.Debug|iPhoneSimulator.ActiveCfg = Debug|Any CPU
		{17F034EA-5F2F-40D0-874C-249AC09F1BEA}.Debug|iPhoneSimulator.Build.0 = Debug|Any CPU
		{17F034EA-5F2F-40D0-874C-249AC09F1BEA}.Debug|x64.ActiveCfg = Debug|Any CPU
		{17F034EA-5F2F-40D0-874C-249AC09F1BEA}.Debug|x64.Build.0 = Debug|Any CPU
		{17F034EA-5F2F-40D0-874C-249AC09F1BEA}.Debug|x86.ActiveCfg = Debug|Any CPU
		{17F034EA-5F2F-40D0-874C-249AC09F1BEA}.Debug|x86.Build.0 = Debug|Any CPU
		{17F034EA-5F2F-40D0-874C-249AC09F1BEA}.Release|Any CPU.ActiveCfg = Release|Any CPU
		{17F034EA-5F2F-40D0-874C-249AC09F1BEA}.Release|Any CPU.Build.0 = Release|Any CPU
		{17F034EA-5F2F-40D0-874C-249AC09F1BEA}.Release|ARM.ActiveCfg = Release|Any CPU
		{17F034EA-5F2F-40D0-874C-249AC09F1BEA}.Release|ARM.Build.0 = Release|Any CPU
		{17F034EA-5F2F-40D0-874C-249AC09F1BEA}.Release|iPhone.ActiveCfg = Release|Any CPU
		{17F034EA-5F2F-40D0-874C-249AC09F1BEA}.Release|iPhone.Build.0 = Release|Any CPU
		{17F034EA-5F2F-40D0-874C-249AC09F1BEA}.Release|iPhoneSimulator.ActiveCfg = Release|Any CPU
		{17F034EA-5F2F-40D0-874C-249AC09F1BEA}.Release|iPhoneSimulator.Build.0 = Release|Any CPU
		{17F034EA-5F2F-40D0-874C-249AC09F1BEA}.Release|x64.ActiveCfg = Release|Any CPU
		{17F034EA-5F2F-40D0-874C-249AC09F1BEA}.Release|x64.Build.0 = Release|Any CPU
		{17F034EA-5F2F-40D0-874C-249AC09F1BEA}.Release|x86.ActiveCfg = Release|Any CPU
		{17F034EA-5F2F-40D0-874C-249AC09F1BEA}.Release|x86.Build.0 = Release|Any CPU
		{2E0D8624-7612-48FE-9F4F-FD7AAFEF9D44}.Ad-Hoc|Any CPU.ActiveCfg = Release|x86
		{2E0D8624-7612-48FE-9F4F-FD7AAFEF9D44}.Ad-Hoc|Any CPU.Build.0 = Release|x86
		{2E0D8624-7612-48FE-9F4F-FD7AAFEF9D44}.Ad-Hoc|Any CPU.Deploy.0 = Release|x86
		{2E0D8624-7612-48FE-9F4F-FD7AAFEF9D44}.Ad-Hoc|ARM.ActiveCfg = Release|ARM
		{2E0D8624-7612-48FE-9F4F-FD7AAFEF9D44}.Ad-Hoc|ARM.Build.0 = Release|ARM
		{2E0D8624-7612-48FE-9F4F-FD7AAFEF9D44}.Ad-Hoc|ARM.Deploy.0 = Release|ARM
		{2E0D8624-7612-48FE-9F4F-FD7AAFEF9D44}.Ad-Hoc|iPhone.ActiveCfg = Release|x86
		{2E0D8624-7612-48FE-9F4F-FD7AAFEF9D44}.Ad-Hoc|iPhone.Build.0 = Release|x86
		{2E0D8624-7612-48FE-9F4F-FD7AAFEF9D44}.Ad-Hoc|iPhone.Deploy.0 = Release|x86
		{2E0D8624-7612-48FE-9F4F-FD7AAFEF9D44}.Ad-Hoc|iPhoneSimulator.ActiveCfg = Release|x86
		{2E0D8624-7612-48FE-9F4F-FD7AAFEF9D44}.Ad-Hoc|iPhoneSimulator.Build.0 = Release|x86
		{2E0D8624-7612-48FE-9F4F-FD7AAFEF9D44}.Ad-Hoc|iPhoneSimulator.Deploy.0 = Release|x86
		{2E0D8624-7612-48FE-9F4F-FD7AAFEF9D44}.Ad-Hoc|x64.ActiveCfg = Release|x64
		{2E0D8624-7612-48FE-9F4F-FD7AAFEF9D44}.Ad-Hoc|x64.Build.0 = Release|x64
		{2E0D8624-7612-48FE-9F4F-FD7AAFEF9D44}.Ad-Hoc|x64.Deploy.0 = Release|x64
		{2E0D8624-7612-48FE-9F4F-FD7AAFEF9D44}.Ad-Hoc|x86.ActiveCfg = Release|x86
		{2E0D8624-7612-48FE-9F4F-FD7AAFEF9D44}.Ad-Hoc|x86.Build.0 = Release|x86
		{2E0D8624-7612-48FE-9F4F-FD7AAFEF9D44}.Ad-Hoc|x86.Deploy.0 = Release|x86
		{2E0D8624-7612-48FE-9F4F-FD7AAFEF9D44}.AppStore|Any CPU.ActiveCfg = Release|x86
		{2E0D8624-7612-48FE-9F4F-FD7AAFEF9D44}.AppStore|Any CPU.Build.0 = Release|x86
		{2E0D8624-7612-48FE-9F4F-FD7AAFEF9D44}.AppStore|Any CPU.Deploy.0 = Release|x86
		{2E0D8624-7612-48FE-9F4F-FD7AAFEF9D44}.AppStore|ARM.ActiveCfg = Release|ARM
		{2E0D8624-7612-48FE-9F4F-FD7AAFEF9D44}.AppStore|ARM.Build.0 = Release|ARM
		{2E0D8624-7612-48FE-9F4F-FD7AAFEF9D44}.AppStore|ARM.Deploy.0 = Release|ARM
		{2E0D8624-7612-48FE-9F4F-FD7AAFEF9D44}.AppStore|iPhone.ActiveCfg = Release|x86
		{2E0D8624-7612-48FE-9F4F-FD7AAFEF9D44}.AppStore|iPhone.Build.0 = Release|x86
		{2E0D8624-7612-48FE-9F4F-FD7AAFEF9D44}.AppStore|iPhone.Deploy.0 = Release|x86
		{2E0D8624-7612-48FE-9F4F-FD7AAFEF9D44}.AppStore|iPhoneSimulator.ActiveCfg = Release|x86
		{2E0D8624-7612-48FE-9F4F-FD7AAFEF9D44}.AppStore|iPhoneSimulator.Build.0 = Release|x86
		{2E0D8624-7612-48FE-9F4F-FD7AAFEF9D44}.AppStore|iPhoneSimulator.Deploy.0 = Release|x86
		{2E0D8624-7612-48FE-9F4F-FD7AAFEF9D44}.AppStore|x64.ActiveCfg = Release|x64
		{2E0D8624-7612-48FE-9F4F-FD7AAFEF9D44}.AppStore|x64.Build.0 = Release|x64
		{2E0D8624-7612-48FE-9F4F-FD7AAFEF9D44}.AppStore|x64.Deploy.0 = Release|x64
		{2E0D8624-7612-48FE-9F4F-FD7AAFEF9D44}.AppStore|x86.ActiveCfg = Release|x86
		{2E0D8624-7612-48FE-9F4F-FD7AAFEF9D44}.AppStore|x86.Build.0 = Release|x86
		{2E0D8624-7612-48FE-9F4F-FD7AAFEF9D44}.AppStore|x86.Deploy.0 = Release|x86
		{2E0D8624-7612-48FE-9F4F-FD7AAFEF9D44}.Debug|Any CPU.ActiveCfg = Debug|x86
		{2E0D8624-7612-48FE-9F4F-FD7AAFEF9D44}.Debug|Any CPU.Build.0 = Debug|x86
		{2E0D8624-7612-48FE-9F4F-FD7AAFEF9D44}.Debug|Any CPU.Deploy.0 = Debug|x86
		{2E0D8624-7612-48FE-9F4F-FD7AAFEF9D44}.Debug|ARM.ActiveCfg = Debug|ARM
		{2E0D8624-7612-48FE-9F4F-FD7AAFEF9D44}.Debug|ARM.Build.0 = Debug|ARM
		{2E0D8624-7612-48FE-9F4F-FD7AAFEF9D44}.Debug|ARM.Deploy.0 = Debug|ARM
		{2E0D8624-7612-48FE-9F4F-FD7AAFEF9D44}.Debug|iPhone.ActiveCfg = Debug|x86
		{2E0D8624-7612-48FE-9F4F-FD7AAFEF9D44}.Debug|iPhoneSimulator.ActiveCfg = Debug|x86
		{2E0D8624-7612-48FE-9F4F-FD7AAFEF9D44}.Debug|x64.ActiveCfg = Debug|x64
		{2E0D8624-7612-48FE-9F4F-FD7AAFEF9D44}.Debug|x64.Build.0 = Debug|x64
		{2E0D8624-7612-48FE-9F4F-FD7AAFEF9D44}.Debug|x64.Deploy.0 = Debug|x64
		{2E0D8624-7612-48FE-9F4F-FD7AAFEF9D44}.Debug|x86.ActiveCfg = Debug|x86
		{2E0D8624-7612-48FE-9F4F-FD7AAFEF9D44}.Debug|x86.Build.0 = Debug|x86
		{2E0D8624-7612-48FE-9F4F-FD7AAFEF9D44}.Debug|x86.Deploy.0 = Debug|x86
		{2E0D8624-7612-48FE-9F4F-FD7AAFEF9D44}.Release|Any CPU.ActiveCfg = Release|x86
		{2E0D8624-7612-48FE-9F4F-FD7AAFEF9D44}.Release|ARM.ActiveCfg = Release|ARM
		{2E0D8624-7612-48FE-9F4F-FD7AAFEF9D44}.Release|ARM.Build.0 = Release|ARM
		{2E0D8624-7612-48FE-9F4F-FD7AAFEF9D44}.Release|ARM.Deploy.0 = Release|ARM
		{2E0D8624-7612-48FE-9F4F-FD7AAFEF9D44}.Release|iPhone.ActiveCfg = Release|x86
		{2E0D8624-7612-48FE-9F4F-FD7AAFEF9D44}.Release|iPhoneSimulator.ActiveCfg = Release|x86
		{2E0D8624-7612-48FE-9F4F-FD7AAFEF9D44}.Release|x64.ActiveCfg = Release|x64
		{2E0D8624-7612-48FE-9F4F-FD7AAFEF9D44}.Release|x64.Build.0 = Release|x64
		{2E0D8624-7612-48FE-9F4F-FD7AAFEF9D44}.Release|x64.Deploy.0 = Release|x64
		{2E0D8624-7612-48FE-9F4F-FD7AAFEF9D44}.Release|x86.ActiveCfg = Release|x86
		{2E0D8624-7612-48FE-9F4F-FD7AAFEF9D44}.Release|x86.Build.0 = Release|x86
		{2E0D8624-7612-48FE-9F4F-FD7AAFEF9D44}.Release|x86.Deploy.0 = Release|x86
	EndGlobalSection
	GlobalSection(SolutionProperties) = preSolution
		HideSolutionNode = FALSE
	EndGlobalSection
EndGlobal
